
Microsoft Visual Studio Solution File, Format Version 12.00
# Visual Studio Version 17
VisualStudioVersion = 17.8.34004.107
MinimumVisualStudioVersion = 10.0.40219.1
Project("{FAE04EC0-301F-11D3-BF4B-00C04F79EFBC}") = "31297Assignment2", "31297Assignment2\31297Assignment2.csproj", "{1B1F49DD-2E2A-437B-AC4B-CC202A622605}"
EndProject
Global
	GlobalSection(SolutionConfigurationPlatforms) = preSolution
		Debug|Any CPU = Debug|Any CPU
		Release|Any CPU = Release|Any CPU
	EndGlobalSection
	GlobalSection(ProjectConfigurationPlatforms) = postSolution
		{1B1F49DD-2E2A-437B-AC4B-CC202A622605}.Debug|Any CPU.ActiveCfg = Debug|Any CPU
		{1B1F49DD-2E2A-437B-AC4B-CC202A622605}.Debug|Any CPU.Build.0 = Debug|Any CPU
		{1B1F49DD-2E2A-437B-AC4B-CC202A622605}.Release|Any CPU.ActiveCfg = Release|Any CPU
		{1B1F49DD-2E2A-437B-AC4B-CC202A622605}.Release|Any CPU.Build.0 = Release|Any CPU
	EndGlobalSection
	GlobalSection(SolutionProperties) = preSolution
		HideSolutionNode = FALSE
	EndGlobalSection
	GlobalSection(ExtensibilityGlobals) = postSolution
		SolutionGuid = {AA8DEA18-1C2A-4AD9-A651-3CD7E6641507}
	EndGlobalSection
EndGlobal
